// !$*UTF8*$!
{
	archiveVersion = 1;
	classes = {
	};
	objectVersion = 55;
	objects = {

/* Begin PBXBuildFile section */
		8A78E96C50E87A909B2FF946 /* Pods_Hackthon.framework in Frameworks */ = {isa = PBXBuildFile; fileRef = 27A5D07B7BBC44E0433453AB /* Pods_Hackthon.framework */; };
		ED41036127B85EE200F165CC /* TabController.swift in Sources */ = {isa = PBXBuildFile; fileRef = ED41036027B85EE200F165CC /* TabController.swift */; };
		ED41036327B85FA200F165CC /* RecycleViewController.swift in Sources */ = {isa = PBXBuildFile; fileRef = ED41036227B85FA200F165CC /* RecycleViewController.swift */; };
		ED41036527B86D7600F165CC /* CustomButton.swift in Sources */ = {isa = PBXBuildFile; fileRef = ED41036427B86D7600F165CC /* CustomButton.swift */; };
		ED41036727B86DC200F165CC /* Extension.swift in Sources */ = {isa = PBXBuildFile; fileRef = ED41036627B86DC200F165CC /* Extension.swift */; };
		ED41036927B873D800F165CC /* SpinneViewController.swift in Sources */ = {isa = PBXBuildFile; fileRef = ED41036827B873D800F165CC /* SpinneViewController.swift */; };
		ED41036B27B8749A00F165CC /* NetworkManager.swift in Sources */ = {isa = PBXBuildFile; fileRef = ED41036A27B8749A00F165CC /* NetworkManager.swift */; };
		EDA0494327B4BA7A0060E4CE /* AppDelegate.swift in Sources */ = {isa = PBXBuildFile; fileRef = EDA0494227B4BA7A0060E4CE /* AppDelegate.swift */; };
		EDA0494527B4BA7A0060E4CE /* SceneDelegate.swift in Sources */ = {isa = PBXBuildFile; fileRef = EDA0494427B4BA7A0060E4CE /* SceneDelegate.swift */; };
		EDA0494727B4BA7A0060E4CE /* HomeViewController.swift in Sources */ = {isa = PBXBuildFile; fileRef = EDA0494627B4BA7A0060E4CE /* HomeViewController.swift */; };
		EDA0494C27B4BA7C0060E4CE /* Assets.xcassets in Resources */ = {isa = PBXBuildFile; fileRef = EDA0494B27B4BA7C0060E4CE /* Assets.xcassets */; };
		EDA0494F27B4BA7C0060E4CE /* LaunchScreen.storyboard in Resources */ = {isa = PBXBuildFile; fileRef = EDA0494D27B4BA7C0060E4CE /* LaunchScreen.storyboard */; };
/* End PBXBuildFile section */

/* Begin PBXFileReference section */
		27A5D07B7BBC44E0433453AB /* Pods_Hackthon.framework */ = {isa = PBXFileReference; explicitFileType = wrapper.framework; includeInIndex = 0; path = Pods_Hackthon.framework; sourceTree = BUILT_PRODUCTS_DIR; };
		5BCB685F3811460AF9B5BD0F /* Pods-Hackthon.release.xcconfig */ = {isa = PBXFileReference; includeInIndex = 1; lastKnownFileType = text.xcconfig; name = "Pods-Hackthon.release.xcconfig"; path = "Target Support Files/Pods-Hackthon/Pods-Hackthon.release.xcconfig"; sourceTree = "<group>"; };
		C4EB56BF8F31093454963568 /* Pods-Hackthon.debug.xcconfig */ = {isa = PBXFileReference; includeInIndex = 1; lastKnownFileType = text.xcconfig; name = "Pods-Hackthon.debug.xcconfig"; path = "Target Support Files/Pods-Hackthon/Pods-Hackthon.debug.xcconfig"; sourceTree = "<group>"; };
		ED41036027B85EE200F165CC /* TabController.swift */ = {isa = PBXFileReference; lastKnownFileType = sourcecode.swift; path = TabController.swift; sourceTree = "<group>"; };
		ED41036227B85FA200F165CC /* RecycleViewController.swift */ = {isa = PBXFileReference; lastKnownFileType = sourcecode.swift; path = RecycleViewController.swift; sourceTree = "<group>"; };
		ED41036427B86D7600F165CC /* CustomButton.swift */ = {isa = PBXFileReference; lastKnownFileType = sourcecode.swift; path = CustomButton.swift; sourceTree = "<group>"; };
		ED41036627B86DC200F165CC /* Extension.swift */ = {isa = PBXFileReference; lastKnownFileType = sourcecode.swift; path = Extension.swift; sourceTree = "<group>"; };
		ED41036827B873D800F165CC /* SpinneViewController.swift */ = {isa = PBXFileReference; lastKnownFileType = sourcecode.swift; path = SpinneViewController.swift; sourceTree = "<group>"; };
		ED41036A27B8749A00F165CC /* NetworkManager.swift */ = {isa = PBXFileReference; lastKnownFileType = sourcecode.swift; path = NetworkManager.swift; sourceTree = "<group>"; };
		EDA0493F27B4BA7A0060E4CE /* Hackthon.app */ = {isa = PBXFileReference; explicitFileType = wrapper.application; includeInIndex = 0; path = Hackthon.app; sourceTree = BUILT_PRODUCTS_DIR; };
		EDA0494227B4BA7A0060E4CE /* AppDelegate.swift */ = {isa = PBXFileReference; lastKnownFileType = sourcecode.swift; path = AppDelegate.swift; sourceTree = "<group>"; };
		EDA0494427B4BA7A0060E4CE /* SceneDelegate.swift */ = {isa = PBXFileReference; lastKnownFileType = sourcecode.swift; path = SceneDelegate.swift; sourceTree = "<group>"; };
		EDA0494627B4BA7A0060E4CE /* HomeViewController.swift */ = {isa = PBXFileReference; lastKnownFileType = sourcecode.swift; path = HomeViewController.swift; sourceTree = "<group>"; };
		EDA0494B27B4BA7C0060E4CE /* Assets.xcassets */ = {isa = PBXFileReference; lastKnownFileType = folder.assetcatalog; path = Assets.xcassets; sourceTree = "<group>"; };
		EDA0494E27B4BA7C0060E4CE /* Base */ = {isa = PBXFileReference; lastKnownFileType = file.storyboard; name = Base; path = Base.lproj/LaunchScreen.storyboard; sourceTree = "<group>"; };
		EDA0495027B4BA7C0060E4CE /* Info.plist */ = {isa = PBXFileReference; lastKnownFileType = text.plist.xml; path = Info.plist; sourceTree = "<group>"; };
/* End PBXFileReference section */

/* Begin PBXFrameworksBuildPhase section */
		EDA0493C27B4BA7A0060E4CE /* Frameworks */ = {
			isa = PBXFrameworksBuildPhase;
			buildActionMask = 2147483647;
			files = (
				8A78E96C50E87A909B2FF946 /* Pods_Hackthon.framework in Frameworks */,
			);
			runOnlyForDeploymentPostprocessing = 0;
		};
/* End PBXFrameworksBuildPhase section */

/* Begin PBXGroup section */
		59D85F4C679242BB442D668F /* Pods */ = {
			isa = PBXGroup;
			children = (
				C4EB56BF8F31093454963568 /* Pods-Hackthon.debug.xcconfig */,
				5BCB685F3811460AF9B5BD0F /* Pods-Hackthon.release.xcconfig */,
			);
			path = Pods;
			sourceTree = "<group>";
		};
		B4A6875F17EE0DC02A1F44A1 /* Frameworks */ = {
			isa = PBXGroup;
			children = (
				27A5D07B7BBC44E0433453AB /* Pods_Hackthon.framework */,
			);
			name = Frameworks;
			sourceTree = "<group>";
		};
		ED8E09EA27B8AA1300B1022B /* ViewController */ = {
			isa = PBXGroup;
			children = (
				ED8E09EB27B8AA2A00B1022B /* CustomView */,
				ED41036027B85EE200F165CC /* TabController.swift */,
				EDA0494627B4BA7A0060E4CE /* HomeViewController.swift */,
				ED41036827B873D800F165CC /* SpinneViewController.swift */,
				ED41036227B85FA200F165CC /* RecycleViewController.swift */,
			);
			path = ViewController;
			sourceTree = "<group>";
		};
		ED8E09EB27B8AA2A00B1022B /* CustomView */ = {
			isa = PBXGroup;
			children = (
				ED41036427B86D7600F165CC /* CustomButton.swift */,
			);
			path = CustomView;
			sourceTree = "<group>";
		};
		ED8E09EC27B8AA3F00B1022B /* Model */ = {
			isa = PBXGroup;
			children = (
				ED41036A27B8749A00F165CC /* NetworkManager.swift */,
			);
			path = Model;
			sourceTree = "<group>";
		};
		EDA0493627B4BA7A0060E4CE = {
			isa = PBXGroup;
			children = (
				EDA0494127B4BA7A0060E4CE /* Hackthon */,
				EDA0494027B4BA7A0060E4CE /* Products */,
				59D85F4C679242BB442D668F /* Pods */,
				B4A6875F17EE0DC02A1F44A1 /* Frameworks */,
			);
			sourceTree = "<group>";
		};
		EDA0494027B4BA7A0060E4CE /* Products */ = {
			isa = PBXGroup;
			children = (
				EDA0493F27B4BA7A0060E4CE /* Hackthon.app */,
			);
			name = Products;
			sourceTree = "<group>";
		};
		EDA0494127B4BA7A0060E4CE /* Hackthon */ = {
			isa = PBXGroup;
			children = (
				EDA0494227B4BA7A0060E4CE /* AppDelegate.swift */,
				EDA0494427B4BA7A0060E4CE /* SceneDelegate.swift */,
				ED8E09EC27B8AA3F00B1022B /* Model */,
				ED8E09EA27B8AA1300B1022B /* ViewController */,
				ED41036627B86DC200F165CC /* Extension.swift */,
				EDA0494B27B4BA7C0060E4CE /* Assets.xcassets */,
				EDA0494D27B4BA7C0060E4CE /* LaunchScreen.storyboard */,
				EDA0495027B4BA7C0060E4CE /* Info.plist */,
			);
			path = Hackthon;
			sourceTree = "<group>";
		};
/* End PBXGroup section */

/* Begin PBXNativeTarget section */
		EDA0493E27B4BA7A0060E4CE /* Hackthon */ = {
			isa = PBXNativeTarget;
			buildConfigurationList = EDA0495327B4BA7C0060E4CE /* Build configuration list for PBXNativeTarget "Hackthon" */;
			buildPhases = (
				6E0D9627AB357859F9071154 /* [CP] Check Pods Manifest.lock */,
				EDA0493B27B4BA7A0060E4CE /* Sources */,
				EDA0493C27B4BA7A0060E4CE /* Frameworks */,
				EDA0493D27B4BA7A0060E4CE /* Resources */,
				2468647AE1504AE5334650AF /* [CP] Embed Pods Frameworks */,
			);
			buildRules = (
			);
			dependencies = (
			);
			name = Hackthon;
			productName = Hackthon;
			productReference = EDA0493F27B4BA7A0060E4CE /* Hackthon.app */;
			productType = "com.apple.product-type.application";
		};
/* End PBXNativeTarget section */

/* Begin PBXProject section */
		EDA0493727B4BA7A0060E4CE /* Project object */ = {
			isa = PBXProject;
			attributes = {
				BuildIndependentTargetsInParallel = 1;
				LastSwiftUpdateCheck = 1310;
				LastUpgradeCheck = 1310;
				TargetAttributes = {
					EDA0493E27B4BA7A0060E4CE = {
						CreatedOnToolsVersion = 13.1;
					};
				};
			};
			buildConfigurationList = EDA0493A27B4BA7A0060E4CE /* Build configuration list for PBXProject "Hackthon" */;
			compatibilityVersion = "Xcode 13.0";
			developmentRegion = en;
			hasScannedForEncodings = 0;
			knownRegions = (
				en,
				Base,
			);
			mainGroup = EDA0493627B4BA7A0060E4CE;
			productRefGroup = EDA0494027B4BA7A0060E4CE /* Products */;
			projectDirPath = "";
			projectRoot = "";
			targets = (
				EDA0493E27B4BA7A0060E4CE /* Hackthon */,
			);
		};
/* End PBXProject section */

/* Begin PBXResourcesBuildPhase section */
		EDA0493D27B4BA7A0060E4CE /* Resources */ = {
			isa = PBXResourcesBuildPhase;
			buildActionMask = 2147483647;
			files = (
				EDA0494F27B4BA7C0060E4CE /* LaunchScreen.storyboard in Resources */,
				EDA0494C27B4BA7C0060E4CE /* Assets.xcassets in Resources */,
			);
			runOnlyForDeploymentPostprocessing = 0;
		};
/* End PBXResourcesBuildPhase section */

/* Begin PBXShellScriptBuildPhase section */
		2468647AE1504AE5334650AF /* [CP] Embed Pods Frameworks */ = {
			isa = PBXShellScriptBuildPhase;
			buildActionMask = 2147483647;
			files = (
			);
			inputFileListPaths = (
				"${PODS_ROOT}/Target Support Files/Pods-Hackthon/Pods-Hackthon-frameworks-${CONFIGURATION}-input-files.xcfilelist",
			);
			name = "[CP] Embed Pods Frameworks";
			outputFileListPaths = (
				"${PODS_ROOT}/Target Support Files/Pods-Hackthon/Pods-Hackthon-frameworks-${CONFIGURATION}-output-files.xcfilelist",
			);
			runOnlyForDeploymentPostprocessing = 0;
			shellPath = /bin/sh;
			shellScript = "\"${PODS_ROOT}/Target Support Files/Pods-Hackthon/Pods-Hackthon-frameworks.sh\"\n";
			showEnvVarsInLog = 0;
		};
		6E0D9627AB357859F9071154 /* [CP] Check Pods Manifest.lock */ = {
			isa = PBXShellScriptBuildPhase;
			buildActionMask = 2147483647;
			files = (
			);
			inputFileListPaths = (
			);
			inputPaths = (
				"${PODS_PODFILE_DIR_PATH}/Podfile.lock",
				"${PODS_ROOT}/Manifest.lock",
			);
			name = "[CP] Check Pods Manifest.lock";
			outputFileListPaths = (
			);
			outputPaths = (
				"$(DERIVED_FILE_DIR)/Pods-Hackthon-checkManifestLockResult.txt",
			);
			runOnlyForDeploymentPostprocessing = 0;
			shellPath = /bin/sh;
			shellScript = "diff \"${PODS_PODFILE_DIR_PATH}/Podfile.lock\" \"${PODS_ROOT}/Manifest.lock\" > /dev/null\nif [ $? != 0 ] ; then\n    # print error to STDERR\n    echo \"error: The sandbox is not in sync with the Podfile.lock. Run 'pod install' or update your CocoaPods installation.\" >&2\n    exit 1\nfi\n# This output is used by Xcode 'outputs' to avoid re-running this script phase.\necho \"SUCCESS\" > \"${SCRIPT_OUTPUT_FILE_0}\"\n";
			showEnvVarsInLog = 0;
		};
/* End PBXShellScriptBuildPhase section */

/* Begin PBXSourcesBuildPhase section */
		EDA0493B27B4BA7A0060E4CE /* Sources */ = {
			isa = PBXSourcesBuildPhase;
			buildActionMask = 2147483647;
			files = (
				ED41036B27B8749A00F165CC /* NetworkManager.swift in Sources */,
				EDA0494727B4BA7A0060E4CE /* HomeViewController.swift in Sources */,
				ED41036927B873D800F165CC /* SpinneViewController.swift in Sources */,
				ED41036127B85EE200F165CC /* TabController.swift in Sources */,
				ED41036727B86DC200F165CC /* Extension.swift in Sources */,
				ED41036527B86D7600F165CC /* CustomButton.swift in Sources */,
				ED41036327B85FA200F165CC /* RecycleViewController.swift in Sources */,
				EDA0494327B4BA7A0060E4CE /* AppDelegate.swift in Sources */,
				EDA0494527B4BA7A0060E4CE /* SceneDelegate.swift in Sources */,
			);
			runOnlyForDeploymentPostprocessing = 0;
		};
/* End PBXSourcesBuildPhase section */

/* Begin PBXVariantGroup section */
		EDA0494D27B4BA7C0060E4CE /* LaunchScreen.storyboard */ = {
			isa = PBXVariantGroup;
			children = (
				EDA0494E27B4BA7C0060E4CE /* Base */,
			);
			name = LaunchScreen.storyboard;
			sourceTree = "<group>";
		};
/* End PBXVariantGroup section */

/* Begin XCBuildConfiguration section */
		EDA0495127B4BA7C0060E4CE /* Debug */ = {
			isa = XCBuildConfiguration;
			buildSettings = {
				ALWAYS_SEARCH_USER_PATHS = NO;
				CLANG_ANALYZER_NONNULL = YES;
				CLANG_ANALYZER_NUMBER_OBJECT_CONVERSION = YES_AGGRESSIVE;
				CLANG_CXX_LANGUAGE_STANDARD = "gnu++17";
				CLANG_CXX_LIBRARY = "libc++";
				CLANG_ENABLE_MODULES = YES;
				CLANG_ENABLE_OBJC_ARC = YES;
				CLANG_ENABLE_OBJC_WEAK = YES;
				CLANG_WARN_BLOCK_CAPTURE_AUTORELEASING = YES;
				CLANG_WARN_BOOL_CONVERSION = YES;
				CLANG_WARN_COMMA = YES;
				CLANG_WARN_CONSTANT_CONVERSION = YES;
				CLANG_WARN_DEPRECATED_OBJC_IMPLEMENTATIONS = YES;
				CLANG_WARN_DIRECT_OBJC_ISA_USAGE = YES_ERROR;
				CLANG_WARN_DOCUMENTATION_COMMENTS = YES;
				CLANG_WARN_EMPTY_BODY = YES;
				CLANG_WARN_ENUM_CONVERSION = YES;
				CLANG_WARN_INFINITE_RECURSION = YES;
				CLANG_WARN_INT_CONVERSION = YES;
				CLANG_WARN_NON_LITERAL_NULL_CONVERSION = YES;
				CLANG_WARN_OBJC_IMPLICIT_RETAIN_SELF = YES;
				CLANG_WARN_OBJC_LITERAL_CONVERSION = YES;
				CLANG_WARN_OBJC_ROOT_CLASS = YES_ERROR;
				CLANG_WARN_QUOTED_INCLUDE_IN_FRAMEWORK_HEADER = YES;
				CLANG_WARN_RANGE_LOOP_ANALYSIS = YES;
				CLANG_WARN_STRICT_PROTOTYPES = YES;
				CLANG_WARN_SUSPICIOUS_MOVE = YES;
				CLANG_WARN_UNGUARDED_AVAILABILITY = YES_AGGRESSIVE;
				CLANG_WARN_UNREACHABLE_CODE = YES;
				CLANG_WARN__DUPLICATE_METHOD_MATCH = YES;
				COPY_PHASE_STRIP = NO;
				DEBUG_INFORMATION_FORMAT = dwarf;
				ENABLE_STRICT_OBJC_MSGSEND = YES;
				ENABLE_TESTABILITY = YES;
				GCC_C_LANGUAGE_STANDARD = gnu11;
				GCC_DYNAMIC_NO_PIC = NO;
				GCC_NO_COMMON_BLOCKS = YES;
				GCC_OPTIMIZATION_LEVEL = 0;
				GCC_PREPROCESSOR_DEFINITIONS = (
					"DEBUG=1",
					"$(inherited)",
				);
				GCC_WARN_64_TO_32_BIT_CONVERSION = YES;
				GCC_WARN_ABOUT_RETURN_TYPE = YES_ERROR;
				GCC_WARN_UNDECLARED_SELECTOR = YES;
				GCC_WARN_UNINITIALIZED_AUTOS = YES_AGGRESSIVE;
				GCC_WARN_UNUSED_FUNCTION = YES;
				GCC_WARN_UNUSED_VARIABLE = YES;
				IPHONEOS_DEPLOYMENT_TARGET = 15.0;
				MTL_ENABLE_DEBUG_INFO = INCLUDE_SOURCE;
				MTL_FAST_MATH = YES;
				ONLY_ACTIVE_ARCH = YES;
				SDKROOT = iphoneos;
				SWIFT_ACTIVE_COMPILATION_CONDITIONS = DEBUG;
				SWIFT_OPTIMIZATION_LEVEL = "-Onone";
			};
			name = Debug;
		};
		EDA0495227B4BA7C0060E4CE /* Release */ = {
			isa = XCBuildConfiguration;
			buildSettings = {
				ALWAYS_SEARCH_USER_PATHS = NO;
				CLANG_ANALYZER_NONNULL = YES;
				CLANG_ANALYZER_NUMBER_OBJECT_CONVERSION = YES_AGGRESSIVE;
				CLANG_CXX_LANGUAGE_STANDARD = "gnu++17";
				CLANG_CXX_LIBRARY = "libc++";
				CLANG_ENABLE_MODULES = YES;
				CLANG_ENABLE_OBJC_ARC = YES;
				CLANG_ENABLE_OBJC_WEAK = YES;
				CLANG_WARN_BLOCK_CAPTURE_AUTORELEASING = YES;
				CLANG_WARN_BOOL_CONVERSION = YES;
				CLANG_WARN_COMMA = YES;
				CLANG_WARN_CONSTANT_CONVERSION = YES;
				CLANG_WARN_DEPRECATED_OBJC_IMPLEMENTATIONS = YES;
				CLANG_WARN_DIRECT_OBJC_ISA_USAGE = YES_ERROR;
				CLANG_WARN_DOCUMENTATION_COMMENTS = YES;
				CLANG_WARN_EMPTY_BODY = YES;
				CLANG_WARN_ENUM_CONVERSION = YES;
				CLANG_WARN_INFINITE_RECURSION = YES;
				CLANG_WARN_INT_CONVERSION = YES;
				CLANG_WARN_NON_LITERAL_NULL_CONVERSION = YES;
				CLANG_WARN_OBJC_IMPLICIT_RETAIN_SELF = YES;
				CLANG_WARN_OBJC_LITERAL_CONVERSION = YES;
				CLANG_WARN_OBJC_ROOT_CLASS = YES_ERROR;
				CLANG_WARN_QUOTED_INCLUDE_IN_FRAMEWORK_HEADER = YES;
				CLANG_WARN_RANGE_LOOP_ANALYSIS = YES;
				CLANG_WARN_STRICT_PROTOTYPES = YES;
				CLANG_WARN_SUSPICIOUS_MOVE = YES;
				CLANG_WARN_UNGUARDED_AVAILABILITY = YES_AGGRESSIVE;
				CLANG_WARN_UNREACHABLE_CODE = YES;
				CLANG_WARN__DUPLICATE_METHOD_MATCH = YES;
				COPY_PHASE_STRIP = NO;
				DEBUG_INFORMATION_FORMAT = "dwarf-with-dsym";
				ENABLE_NS_ASSERTIONS = NO;
				ENABLE_STRICT_OBJC_MSGSEND = YES;
				GCC_C_LANGUAGE_STANDARD = gnu11;
				GCC_NO_COMMON_BLOCKS = YES;
				GCC_WARN_64_TO_32_BIT_CONVERSION = YES;
				GCC_WARN_ABOUT_RETURN_TYPE = YES_ERROR;
				GCC_WARN_UNDECLARED_SELECTOR = YES;
				GCC_WARN_UNINITIALIZED_AUTOS = YES_AGGRESSIVE;
				GCC_WARN_UNUSED_FUNCTION = YES;
				GCC_WARN_UNUSED_VARIABLE = YES;
				IPHONEOS_DEPLOYMENT_TARGET = 15.0;
				MTL_ENABLE_DEBUG_INFO = NO;
				MTL_FAST_MATH = YES;
				SDKROOT = iphoneos;
				SWIFT_COMPILATION_MODE = wholemodule;
				SWIFT_OPTIMIZATION_LEVEL = "-O";
				VALIDATE_PRODUCT = YES;
			};
			name = Release;
		};
		EDA0495427B4BA7C0060E4CE /* Debug */ = {
			isa = XCBuildConfiguration;
			baseConfigurationReference = C4EB56BF8F31093454963568 /* Pods-Hackthon.debug.xcconfig */;
			buildSettings = {
				ASSETCATALOG_COMPILER_APPICON_NAME = AppIcon;
				ASSETCATALOG_COMPILER_GLOBAL_ACCENT_COLOR_NAME = AccentColor;
				CODE_SIGN_STYLE = Automatic;
				CURRENT_PROJECT_VERSION = 1;
				DEVELOPMENT_TEAM = W8LPVXL2B2;
				GENERATE_INFOPLIST_FILE = YES;
				INFOPLIST_FILE = Hackthon/Info.plist;
				INFOPLIST_KEY_NSLocationAlwaysAndWhenInUseUsageDescription = "NEED TO USE location";
				INFOPLIST_KEY_NSLocationAlwaysUsageDescription = "use app";
				INFOPLIST_KEY_NSLocationWhenInUseUsageDescription = location;
				INFOPLIST_KEY_UIApplicationSupportsIndirectInputEvents = YES;
				INFOPLIST_KEY_UILaunchStoryboardName = LaunchScreen;
				INFOPLIST_KEY_UISupportedInterfaceOrientations_iPad = "UIInterfaceOrientationPortrait UIInterfaceOrientationPortraitUpsideDown UIInterfaceOrientationLandscapeLeft UIInterfaceOrientationLandscapeRight";
				INFOPLIST_KEY_UISupportedInterfaceOrientations_iPhone = "UIInterfaceOrientationPortrait UIInterfaceOrientationLandscapeLeft UIInterfaceOrientationLandscapeRight";
				LD_RUNPATH_SEARCH_PATHS = (
					"$(inherited)",
					"@executable_path/Frameworks",
				);
				MARKETING_VERSION = 1.0;
				PRODUCT_BUNDLE_IDENTIFIER = ca.seneca.Hackthon;
				PRODUCT_NAME = "$(TARGET_NAME)";
				SWIFT_EMIT_LOC_STRINGS = YES;
				SWIFT_VERSION = 5.0;
				TARGETED_DEVICE_FAMILY = 1;
			};
			name = Debug;
		};
		EDA0495527B4BA7C0060E4CE /* Release */ = {
			isa = XCBuildConfiguration;
			baseConfigurationReference = 5BCB685F3811460AF9B5BD0F /* Pods-Hackthon.release.xcconfig */;
			buildSettings = {
				ASSETCATALOG_COMPILER_APPICON_NAME = AppIcon;
				ASSETCATALOG_COMPILER_GLOBAL_ACCENT_COLOR_NAME = AccentColor;
				CODE_SIGN_STYLE = Automatic;
				CURRENT_PROJECT_VERSION = 1;
				DEVELOPMENT_TEAM = W8LPVXL2B2;
				GENERATE_INFOPLIST_FILE = YES;
				INFOPLIST_FILE = Hackthon/Info.plist;
				INFOPLIST_KEY_NSLocationAlwaysAndWhenInUseUsageDescription = "NEED TO USE location";
				INFOPLIST_KEY_NSLocationAlwaysUsageDescription = "use app";
				INFOPLIST_KEY_NSLocationWhenInUseUsageDescription = location;
				INFOPLIST_KEY_UIApplicationSupportsIndirectInputEvents = YES;
				INFOPLIST_KEY_UILaunchStoryboardName = LaunchScreen;
				INFOPLIST_KEY_UISupportedInterfaceOrientations_iPad = "UIInterfaceOrientationPortrait UIInterfaceOrientationPortraitUpsideDown UIInterfaceOrientationLandscapeLeft UIInterfaceOrientationLandscapeRight";
				INFOPLIST_KEY_UISupportedInterfaceOrientations_iPhone = "UIInterfaceOrientationPortrait UIInterfaceOrientationLandscapeLeft UIInterfaceOrientationLandscapeRight";
				LD_RUNPATH_SEARCH_PATHS = (
					"$(inherited)",
					"@executable_path/Frameworks",
				);
				MARKETING_VERSION = 1.0;
				PRODUCT_BUNDLE_IDENTIFIER = ca.seneca.Hackthon;
				PRODUCT_NAME = "$(TARGET_NAME)";
				SWIFT_EMIT_LOC_STRINGS = YES;
				SWIFT_VERSION = 5.0;
				TARGETED_DEVICE_FAMILY = 1;
			};
			name = Release;
		};
/* End XCBuildConfiguration section */

/* Begin XCConfigurationList section */
		EDA0493A27B4BA7A0060E4CE /* Build configuration list for PBXProject "Hackthon" */ = {
			isa = XCConfigurationList;
			buildConfigurations = (
				EDA0495127B4BA7C0060E4CE /* Debug */,
				EDA0495227B4BA7C0060E4CE /* Release */,
			);
			defaultConfigurationIsVisible = 0;
			defaultConfigurationName = Release;
		};
		EDA0495327B4BA7C0060E4CE /* Build configuration list for PBXNativeTarget "Hackthon" */ = {
			isa = XCConfigurationList;
			buildConfigurations = (
				EDA0495427B4BA7C0060E4CE /* Debug */,
				EDA0495527B4BA7C0060E4CE /* Release */,
			);
			defaultConfigurationIsVisible = 0;
			defaultConfigurationName = Release;
		};
/* End XCConfigurationList section */
	};
	rootObject = EDA0493727B4BA7A0060E4CE /* Project object */;
}
